PODS:
  - Realm (3.0.0):
    - Realm/Headers (= 3.0.0)
  - Realm/Headers (3.0.0)
  - RealmSwift (3.0.0):
    - Realm (= 3.0.0)
  - SwipeCellKit (2.0.0)

DEPENDENCIES:
  - RealmSwift
  - SwipeCellKit

SPEC CHECKSUMS:
  Realm: dec0de73be8c57506e39db72694d513c189493b3
  RealmSwift: 44a7090b16d1b22a406c6bf129bdd602db1bbecc
  SwipeCellKit: 349c61ffde96ac3ae51c2691a03e421b5b29ee98

PODFILE CHECKSUM: fcf28e5f13bbf2318abec0918d8241e444d3539d

COCOAPODS: 1.1.1
